
Microsoft Visual Studio Solution File, Format Version 12.00
# Visual Studio Version 17
VisualStudioVersion = 17.10.34916.146
MinimumVisualStudioVersion = 10.0.40219.1
Project("{FAE04EC0-301F-11D3-BF4B-00C04F79EFBC}") = "Core", "Core\Core.csproj", "{8BC75D65-9C2C-4E96-9963-14B4F4A588D8}"
EndProject
Project("{FAE04EC0-301F-11D3-BF4B-00C04F79EFBC}") = "Data", "Data\Data.csproj", "{87BC92E1-7413-40E8-8BA2-EC07F53AA063}"
EndProject
Project("{FAE04EC0-301F-11D3-BF4B-00C04F79EFBC}") = "Application", "Application\Application.csproj", "{A1AACCF4-0AFE-4893-BA56-02EF7BAE801F}"
EndProject
Project("{FAE04EC0-301F-11D3-BF4B-00C04F79EFBC}") = "Presentation", "Presentation\Presentation.csproj", "{2CD4531A-98CB-4959-AF02-6963D135CF19}"
EndProject
Global
	GlobalSection(SolutionConfigurationPlatforms) = preSolution
		Debug|Any CPU = Debug|Any CPU
		Release|Any CPU = Release|Any CPU
	EndGlobalSection
	GlobalSection(ProjectConfigurationPlatforms) = postSolution
		{8BC75D65-9C2C-4E96-9963-14B4F4A588D8}.Debug|Any CPU.ActiveCfg = Debug|Any CPU
		{8BC75D65-9C2C-4E96-9963-14B4F4A588D8}.Debug|Any CPU.Build.0 = Debug|Any CPU
		{8BC75D65-9C2C-4E96-9963-14B4F4A588D8}.Release|Any CPU.ActiveCfg = Release|Any CPU
		{8BC75D65-9C2C-4E96-9963-14B4F4A588D8}.Release|Any CPU.Build.0 = Release|Any CPU
		{87BC92E1-7413-40E8-8BA2-EC07F53AA063}.Debug|Any CPU.ActiveCfg = Debug|Any CPU
		{87BC92E1-7413-40E8-8BA2-EC07F53AA063}.Debug|Any CPU.Build.0 = Debug|Any CPU
		{87BC92E1-7413-40E8-8BA2-EC07F53AA063}.Release|Any CPU.ActiveCfg = Release|Any CPU
		{87BC92E1-7413-40E8-8BA2-EC07F53AA063}.Release|Any CPU.Build.0 = Release|Any CPU
		{A1AACCF4-0AFE-4893-BA56-02EF7BAE801F}.Debug|Any CPU.ActiveCfg = Debug|Any CPU
		{A1AACCF4-0AFE-4893-BA56-02EF7BAE801F}.Debug|Any CPU.Build.0 = Debug|Any CPU
		{A1AACCF4-0AFE-4893-BA56-02EF7BAE801F}.Release|Any CPU.ActiveCfg = Release|Any CPU
		{A1AACCF4-0AFE-4893-BA56-02EF7BAE801F}.Release|Any CPU.Build.0 = Release|Any CPU
		{2CD4531A-98CB-4959-AF02-6963D135CF19}.Debug|Any CPU.ActiveCfg = Debug|Any CPU
		{2CD4531A-98CB-4959-AF02-6963D135CF19}.Debug|Any CPU.Build.0 = Debug|Any CPU
		{2CD4531A-98CB-4959-AF02-6963D135CF19}.Release|Any CPU.ActiveCfg = Release|Any CPU
		{2CD4531A-98CB-4959-AF02-6963D135CF19}.Release|Any CPU.Build.0 = Release|Any CPU
	EndGlobalSection
	GlobalSection(SolutionProperties) = preSolution
		HideSolutionNode = FALSE
	EndGlobalSection
	GlobalSection(ExtensibilityGlobals) = postSolution
		SolutionGuid = {D650E73A-EEB7-4D63-A4B5-FFC667F0F3D2}
	EndGlobalSection
EndGlobal
